# THIS IS AN AUTOGENERATED FILE. DO NOT EDIT THIS FILE DIRECTLY.
# yarn lockfile v1


"@alloc/quick-lru@^5.2.0":
  version "5.2.0"

"@auth/core@experimental":
  version "0.0.0-manual.fdbc96ab"
  resolved "https://registry.npmjs.org/@auth/core/-/core-0.0.0-manual.fdbc96ab.tgz"
  integrity sha512-Y9me3CZzMBIoCvcDlZUZs2lZkyCmJ4U84H82J5SjBeXMf6gNb0qd0xPsQcuSa37U7Cr3909PrY4N2EK/OtbEfQ==
  dependencies:
    "@panva/hkdf" "^1.2.1"
    jose "^5.9.6"
    oauth4webapi "^3.1.4"
    preact "10.24.3"
    preact-render-to-string "6.5.11"

"@babel/code-frame@^7.23.5":
  version "7.29.0"
  dependencies:
    "@babel/helper-validator-identifier" "^7.28.5"
    js-tokens "^4.0.0"
    picocolors "^1.1.1"

"@babel/helper-validator-identifier@^7.28.5":
  version "7.28.5"

"@babel/runtime@^7.0.0", "@babel/runtime@^7.12.13", "@babel/runtime@^7.21.0", "@babel/runtime@^7.5.5", "@babel/runtime@^7.8.7":
  version "7.24.4"
  dependencies:
    regenerator-runtime "^0.14.0"

"@codemirror/autocomplete@^6.0.0", "@codemirror/autocomplete@^6.4.0":
  version "6.15.0"
  dependencies:
    "@codemirror/language" "^6.0.0"
    "@codemirror/state" "^6.0.0"
    "@codemirror/view" "^6.17.0"
    "@lezer/common" "^1.0.0"

"@codemirror/commands@^6.1.3":
  version "6.3.3"
  dependencies:
    "@codemirror/language" "^6.0.0"
    "@codemirror/state" "^6.4.0"
    "@codemirror/view" "^6.0.0"
    "@lezer/common" "^1.1.0"

"@codemirror/lang-css@^6.0.0", "@codemirror/lang-css@^6.0.1":
  version "6.2.1"
  dependencies:
    "@codemirror/autocomplete" "^6.0.0"
    "@codemirror/language" "^6.0.0"
    "@codemirror/state" "^6.0.0"
    "@lezer/common" "^1.0.2"
    "@lezer/css" "^1.0.0"

"@codemirror/lang-html@^6.4.0":
  version "6.4.8"
  dependencies:
    "@codemirror/autocomplete" "^6.0.0"
    "@codemirror/lang-css" "^6.0.0"
    "@codemirror/lang-javascript" "^6.0.0"
    "@codemirror/language" "^6.4.0"
    "@codemirror/state" "^6.0.0"
    "@codemirror/view" "^6.17.0"
    "@lezer/common" "^1.0.0"
    "@lezer/css" "^1.1.0"
    "@lezer/html" "^1.3.0"

"@codemirror/lang-javascript@^6.0.0", "@codemirror/lang-javascript@^6.1.2":
  version "6.2.2"
  dependencies:
    "@codemirror/autocomplete" "^6.0.0"
    "@codemirror/language" "^6.6.0"
    "@codemirror/lint" "^6.0.0"
    "@codemirror/state" "^6.0.0"
    "@codemirror/view" "^6.17.0"
    "@lezer/common" "^1.0.0"
    "@lezer/javascript" "^1.0.0"

"@codemirror/language@^6.0.0", "@codemirror/language@^6.3.2", "@codemirror/language@^6.4.0", "@codemirror/language@^6.6.0":
  version "6.10.1"
  dependencies:
    "@codemirror/state" "^6.0.0"
    "@codemirror/view" "^6.23.0"
    "@lezer/common" "^1.1.0"
    "@lezer/highlight" "^1.0.0"
    "@lezer/lr" "^1.0.0"
    style-mod "^4.0.0"

"@codemirror/lint@^6.0.0":
  version "6.5.0"
  dependencies:
    "@codemirror/state" "^6.0.0"
    "@codemirror/view" "^6.0.0"
    crelt "^1.0.5"

"@codemirror/state@^6.0.0", "@codemirror/state@^6.2.0", "@codemirror/state@^6.4.0":
  version "6.4.1"

"@codemirror/view@^6.0.0", "@codemirror/view@^6.17.0", "@codemirror/view@^6.23.0", "@codemirror/view@^6.7.1":
  version "6.26.1"
  dependencies:
    "@codemirror/state" "^6.4.0"
    style-mod "^4.1.0"
    w3c-keyname "^2.2.4"

"@codesandbox/nodebox@0.1.8":
  version "0.1.8"
  dependencies:
    outvariant "^1.4.0"
    strict-event-emitter "^0.4.3"

"@codesandbox/sandpack-client@^2.12.0":
  version "2.13.7"
  dependencies:
    "@codesandbox/nodebox" "0.1.8"
    buffer "^6.0.3"
    dequal "^2.0.2"
    outvariant "1.4.0"
    static-browser-server "1.0.3"

"@codesandbox/sandpack-react@2.12.0":
  version "2.12.0"
  dependencies:
    "@codemirror/autocomplete" "^6.4.0"
    "@codemirror/commands" "^6.1.3"
    "@codemirror/lang-css" "^6.0.1"
    "@codemirror/lang-html" "^6.4.0"
    "@codemirror/lang-javascript" "^6.1.2"
    "@codemirror/language" "^6.3.2"
    "@codemirror/state" "^6.2.0"
    "@codemirror/view" "^6.7.1"
    "@codesandbox/sandpack-client" "^2.12.0"
    "@lezer/highlight" "^1.1.3"
    "@react-hook/intersection-observer" "^3.1.1"
    "@stitches/core" "^1.2.6"
    anser "^2.1.1"
    clean-set "^1.1.2"
    dequal "^2.0.2"
    escape-carriage "^1.3.1"
    lz-string "^1.4.4"
    react-devtools-inline "4.4.0"
    react-is "^17.0.2"

"@isaacs/cliui@^8.0.2":
  version "8.0.2"
  dependencies:
    string-width "^5.1.2"
    string-width-cjs "npm:string-width@^4.2.0"
    strip-ansi "^7.0.1"
    strip-ansi-cjs "npm:strip-ansi@^6.0.1"
    wrap-ansi "^8.1.0"
    wrap-ansi-cjs "npm:wrap-ansi@^7.0.0"

"@jridgewell/gen-mapping@^0.3.2":
  version "0.3.5"
  dependencies:
    "@jridgewell/set-array" "^1.2.1"
    "@jridgewell/sourcemap-codec" "^1.4.10"
    "@jridgewell/trace-mapping" "^0.3.24"

"@jridgewell/resolve-uri@^3.1.0":
  version "3.1.2"

"@jridgewell/set-array@^1.2.1":
  version "1.2.1"

"@jridgewell/sourcemap-codec@^1.4.10", "@jridgewell/sourcemap-codec@^1.4.14":
  version "1.4.15"

"@jridgewell/trace-mapping@^0.3.24":
  version "0.3.25"
  dependencies:
    "@jridgewell/resolve-uri" "^3.1.0"
    "@jridgewell/sourcemap-codec" "^1.4.14"

"@lezer/common@^1.0.0", "@lezer/common@^1.0.2", "@lezer/common@^1.1.0", "@lezer/common@^1.2.0":
  version "1.2.1"

"@lezer/css@^1.0.0", "@lezer/css@^1.1.0":
  version "1.1.8"
  dependencies:
    "@lezer/common" "^1.2.0"
    "@lezer/highlight" "^1.0.0"
    "@lezer/lr" "^1.0.0"

"@lezer/highlight@^1.0.0", "@lezer/highlight@^1.1.3":
  version "1.2.0"
  dependencies:
    "@lezer/common" "^1.0.0"

"@lezer/html@^1.3.0":
  version "1.3.9"
  dependencies:
    "@lezer/common" "^1.2.0"
    "@lezer/highlight" "^1.0.0"
    "@lezer/lr" "^1.0.0"

"@lezer/javascript@^1.0.0":
  version "1.4.14"
  dependencies:
    "@lezer/common" "^1.2.0"
    "@lezer/highlight" "^1.1.3"
    "@lezer/lr" "^1.3.0"

"@lezer/lr@^1.0.0", "@lezer/lr@^1.3.0":
  version "1.4.0"
  dependencies:
    "@lezer/common" "^1.0.0"

"@mdx-js/mdx@^3.0.1":
  version "3.1.1"
  dependencies:
    "@types/estree" "^1.0.0"
    "@types/estree-jsx" "^1.0.0"
    "@types/hast" "^3.0.0"
    "@types/mdx" "^2.0.0"
    acorn "^8.0.0"
    collapse-white-space "^2.0.0"
    devlop "^1.0.0"
    estree-util-is-identifier-name "^3.0.0"
    estree-util-scope "^1.0.0"
    estree-walker "^3.0.0"
    hast-util-to-jsx-runtime "^2.0.0"
    markdown-extensions "^2.0.0"
    recma-build-jsx "^1.0.0"
    recma-jsx "^1.0.0"
    recma-stringify "^1.0.0"
    rehype-recma "^1.0.0"
    remark-mdx "^3.0.0"
    remark-parse "^11.0.0"
    remark-rehype "^11.0.0"
    source-map "^0.7.0"
    unified "^11.0.0"
    unist-util-position-from-estree "^2.0.0"
    unist-util-stringify-position "^4.0.0"
    unist-util-visit "^5.0.0"
    vfile "^6.0.0"

"@mdx-js/react@^3.0.1":
  version "3.1.1"
  dependencies:
    "@types/mdx" "^2.0.0"

"@next/env@14.2.35":
  version "14.2.35"

"@next/swc-darwin-arm64@14.2.33":
  version "14.2.33"

"@nodelib/fs.scandir@2.1.5":
  version "2.1.5"
  dependencies:
    "@nodelib/fs.stat" "2.0.5"
    run-parallel "^1.1.9"

"@nodelib/fs.stat@^2.0.2", "@nodelib/fs.stat@2.0.5":
  version "2.0.5"

"@nodelib/fs.walk@^1.2.3":
  version "1.2.8"
  dependencies:
    "@nodelib/fs.scandir" "2.1.5"
    fastq "^1.6.0"

"@open-draft/deferred-promise@^2.1.0":
  version "2.2.0"

"@panva/hkdf@^1.2.1":
  version "1.2.1"

"@pkgjs/parseargs@^0.11.0":
  version "0.11.0"

"@react-hook/intersection-observer@^3.1.1":
  version "3.1.1"
  dependencies:
    "@react-hook/passive-layout-effect" "^1.2.0"
    intersection-observer "^0.10.0"

"@react-hook/passive-layout-effect@^1.2.0":
  version "1.2.1"

"@stitches/core@^1.2.6":
  version "1.2.8"

"@swc/counter@^0.1.3":
  version "0.1.3"

"@swc/helpers@^0.5.3":
  version "0.5.8"
  dependencies:
    tslib "^2.4.0"

"@swc/helpers@0.5.5":
  version "0.5.5"
  dependencies:
    "@swc/counter" "^0.1.3"
    tslib "^2.4.0"

"@tailwindcss/typography@^0.5.10":
  version "0.5.12"
  dependencies:
    lodash.castarray "^4.4.0"
    lodash.isplainobject "^4.0.6"
    lodash.merge "^4.6.2"
    postcss-selector-parser "6.0.10"

"@tensorflow/tfjs-backend-cpu@2.8.6":
  version "2.8.6"
  dependencies:
    "@types/seedrandom" "2.4.27"
    seedrandom "2.4.3"

"@tensorflow/tfjs-backend-webgl@2.8.6":
  version "2.8.6"
  dependencies:
    "@tensorflow/tfjs-backend-cpu" "2.8.6"
    "@types/offscreencanvas" "~2019.3.0"
    "@types/seedrandom" "2.4.27"
    "@types/webgl-ext" "0.0.30"
    "@types/webgl2" "0.0.5"
    seedrandom "2.4.3"

"@tensorflow/tfjs-converter@2.8.6":
  version "2.8.6"

"@tensorflow/tfjs-core@2.8.6":
  version "2.8.6"
  dependencies:
    "@types/offscreencanvas" "~2019.3.0"
    "@types/seedrandom" "2.4.27"
    "@types/webgl-ext" "0.0.30"
    node-fetch "~2.6.1"
    seedrandom "2.4.3"

"@tensorflow/tfjs-data@2.8.6":
  version "2.8.6"
  dependencies:
    "@types/node-fetch" "^2.1.2"
    node-fetch "~2.6.1"

"@tensorflow/tfjs-layers@2.8.6":
  version "2.8.6"

"@tensorflow/tfjs@^2.1.0":
  version "2.8.6"
  dependencies:
    "@tensorflow/tfjs-backend-cpu" "2.8.6"
    "@tensorflow/tfjs-backend-webgl" "2.8.6"
    "@tensorflow/tfjs-converter" "2.8.6"
    "@tensorflow/tfjs-core" "2.8.6"
    "@tensorflow/tfjs-data" "2.8.6"
    "@tensorflow/tfjs-layers" "2.8.6"
    argparse "^1.0.10"
    chalk "^4.1.0"
    core-js "3"
    regenerator-runtime "^0.13.5"
    yargs "^16.0.3"

"@types/debug@^4.0.0":
  version "4.1.12"
  dependencies:
    "@types/ms" "*"

"@types/estree-jsx@^1.0.0":
  version "1.0.5"
  dependencies:
    "@types/estree" "*"

"@types/estree@*", "@types/estree@^1.0.0":
  version "1.0.5"

"@types/hast@^3.0.0":
  version "3.0.4"
  dependencies:
    "@types/unist" "*"

"@types/mdast@^4.0.0":
  version "4.0.4"
  dependencies:
    "@types/unist" "*"

"@types/mdx@^2.0.0":
  version "2.0.12"

"@types/ms@*":
  version "0.7.34"

"@types/node-fetch@^2.1.2":
  version "2.6.11"
  dependencies:
    "@types/node" "*"
    form-data "^4.0.0"

"@types/node@*":
  version "20.12.7"
  dependencies:
    undici-types "~5.26.4"

"@types/node@20.11.17":
  version "20.11.17"
  dependencies:
    undici-types "~5.26.4"

"@types/offscreencanvas@~2019.3.0":
  version "2019.3.0"

"@types/prop-types@*":
  version "15.7.12"

"@types/react-dom@18.2.19":
  version "18.2.19"
  dependencies:
    "@types/react" "*"

"@types/react@*":
  version "18.2.74"
  dependencies:
    "@types/prop-types" "*"
    csstype "^3.0.2"

"@types/react@18.2.55":
  version "18.2.55"
  dependencies:
    "@types/prop-types" "*"
    "@types/scheduler" "*"
    csstype "^3.0.2"

"@types/scheduler@*":
  version "0.23.0"

"@types/seedrandom@2.4.27":
  version "2.4.27"

"@types/unist@*", "@types/unist@^3.0.0":
  version "3.0.3"

"@types/unist@^2.0.0":
  version "2.0.10"

"@types/webgl-ext@0.0.30":
  version "0.0.30"

"@types/webgl2@0.0.5":
  version "0.0.5"

"@ungap/structured-clone@^1.0.0":
  version "1.3.0"

"@vercel/analytics@^1.1.3":
  version "1.2.2"
  dependencies:
    server-only "^0.0.1"

"@vercel/speed-insights@^1.0.9":
  version "1.0.10"

a11y-focus-store@^1.0.0:
  version "1.0.0"

acorn-jsx@^5.0.0:
  version "5.3.2"

acorn@^8.0.0:
  version "8.11.3"

animation-bus@^0.2.0:
  version "0.2.0"

anser@^2.1.1:
  version "2.1.1"

ansi-regex@^5.0.1:
  version "5.0.1"

ansi-regex@^6.0.1:
  version "6.0.1"

ansi-styles@^4.0.0, ansi-styles@^4.1.0:
  version "4.3.0"
  dependencies:
    color-convert "^2.0.1"

ansi-styles@^6.1.0:
  version "6.2.1"

any-promise@^1.0.0:
  version "1.3.0"

anymatch@~3.1.2:
  version "3.1.3"
  dependencies:
    normalize-path "^3.0.0"
    picomatch "^2.0.4"

arg@^5.0.2:
  version "5.0.2"

argparse@^1.0.10:
  version "1.0.10"
  dependencies:
    sprintf-js "~1.0.2"

aria-hidden@^1.2.2:
  version "1.2.4"
  dependencies:
    tslib "^2.0.0"

asap@~2.0.3:
  version "2.0.6"

astring@^1.8.0:
  version "1.8.6"

asynckit@^0.4.0:
  version "0.4.0"

autoprefixer@^10.4.17:
  version "10.4.19"
  dependencies:
    browserslist "^4.23.0"
    caniuse-lite "^1.0.30001599"
    fraction.js "^4.3.7"
    normalize-range "^0.1.2"
    picocolors "^1.0.0"
    postcss-value-parser "^4.2.0"

bail@^2.0.0:
  version "2.0.2"

balanced-match@^1.0.0:
  version "1.0.2"

base64-js@^1.3.1:
  version "1.5.1"

binary-extensions@^2.0.0:
  version "2.3.0"

bowser@^1.7.3:
  version "1.9.4"

brace-expansion@^2.0.1:
  version "2.0.1"
  dependencies:
    balanced-match "^1.0.0"

braces@^3.0.2, braces@~3.0.2:
  version "3.0.2"
  dependencies:
    fill-range "^7.0.1"

browserslist@^4.23.0:
  version "4.23.0"
  dependencies:
    caniuse-lite "^1.0.30001587"
    electron-to-chromium "^1.4.668"
    node-releases "^2.0.14"
    update-browserslist-db "^1.0.13"

buffer@^6.0.3:
  version "6.0.3"
  dependencies:
    base64-js "^1.3.1"
    ieee754 "^1.2.1"

busboy@1.6.0:
  version "1.6.0"
  dependencies:
    streamsearch "^1.1.0"

camelcase-css@^2.0.1:
  version "2.0.1"

caniuse-lite@^1.0.30001579, caniuse-lite@^1.0.30001587, caniuse-lite@^1.0.30001599:
  version "1.0.30001606"

ccount@^2.0.0:
  version "2.0.1"

chalk@^4.1.0:
  version "4.1.2"
  dependencies:
    ansi-styles "^4.1.0"
    supports-color "^7.1.0"

character-entities-html4@^2.0.0:
  version "2.1.0"

character-entities-legacy@^3.0.0:
  version "3.0.0"

character-entities@^2.0.0:
  version "2.0.2"

character-reference-invalid@^2.0.0:
  version "2.0.1"

chart.js@^2.9.3:
  version "2.9.4"
  dependencies:
    chartjs-color "^2.1.0"
    moment "^2.10.2"

chartjs-color-string@^0.6.0:
  version "0.6.0"
  dependencies:
    color-name "^1.0.0"

chartjs-color@^2.1.0:
  version "2.4.1"
  dependencies:
    chartjs-color-string "^0.6.0"
    color-convert "^1.9.3"

chokidar@^3.5.3:
  version "3.6.0"
  dependencies:
    anymatch "~3.1.2"
    braces "~3.0.2"
    glob-parent "~5.1.2"
    is-binary-path "~2.1.0"
    is-glob "~4.0.1"
    normalize-path "~3.0.0"
    readdirp "~3.6.0"
  optionalDependencies:
    fsevents "~2.3.2"

clean-set@^1.1.2:
  version "1.1.2"

client-only@^0.0.1, client-only@0.0.1:
  version "0.0.1"

cliui@^7.0.2:
  version "7.0.4"
  dependencies:
    string-width "^4.2.0"
    strip-ansi "^6.0.0"
    wrap-ansi "^7.0.0"

clsx@^2.0.0:
  version "2.1.0"

collapse-white-space@^2.0.0:
  version "2.1.0"

color-convert@^1.9.3:
  version "1.9.3"
  dependencies:
    color-name "1.1.3"

color-convert@^2.0.1:
  version "2.0.1"
  dependencies:
    color-name "~1.1.4"

color-name@^1.0.0, color-name@~1.1.4:
  version "1.1.4"

color-name@1.1.3:
  version "1.1.3"

combined-stream@^1.0.8:
  version "1.0.8"
  dependencies:
    delayed-stream "~1.0.0"

comma-separated-tokens@^2.0.0:
  version "2.0.3"

commander@^4.0.0:
  version "4.1.1"

core-js@^1.0.0:
  version "1.2.7"

core-js@3:
  version "3.37.0"

crelt@^1.0.5:
  version "1.0.6"

cross-env@^7.0.3:
  version "7.0.3"
  dependencies:
    cross-spawn "^7.0.1"

cross-spawn@^7.0.0, cross-spawn@^7.0.1:
  version "7.0.3"
  dependencies:
    path-key "^3.1.0"
    shebang-command "^2.0.0"
    which "^2.0.1"

css-in-js-utils@^2.0.0:
  version "2.0.1"
  dependencies:
    hyphenate-style-name "^1.0.2"
    isobject "^3.0.1"

cssesc@^3.0.0:
  version "3.0.0"

csstype@^3.0.2:
  version "3.1.3"

d@^1.0.1, d@^1.0.2, d@1:
  version "1.0.2"
  dependencies:
    es5-ext "^0.10.64"
    type "^2.7.2"

date-fns@^2.30.0:
  version "2.30.0"
  dependencies:
    "@babel/runtime" "^7.21.0"

debug@^4.0.0:
  version "4.3.4"
  dependencies:
    ms "2.1.2"

decode-named-character-reference@^1.0.0:
  version "1.0.2"
  dependencies:
    character-entities "^2.0.0"

delayed-stream@~1.0.0:
  version "1.0.0"

dequal@^2.0.0, dequal@^2.0.2:
  version "2.0.3"

detect-node-es@^1.1.0:
  version "1.1.0"

devlop@^1.0.0, devlop@^1.1.0:
  version "1.1.0"
  dependencies:
    dequal "^2.0.0"

didyoumean@^1.2.2:
  version "1.2.2"

dlv@^1.1.3:
  version "1.1.3"

dom-helpers@^5.0.1:
  version "5.2.1"
  dependencies:
    "@babel/runtime" "^7.8.7"
    csstype "^3.0.2"

dom-serializer@^1.0.1:
  version "1.4.1"
  dependencies:
    domelementtype "^2.0.1"
    domhandler "^4.2.0"
    entities "^2.0.0"

domelementtype@^2.0.1, domelementtype@^2.2.0:
  version "2.3.0"

domhandler@^4.2.0, domhandler@^4.2.2, domhandler@4.3.1:
  version "4.3.1"
  dependencies:
    domelementtype "^2.2.0"

domutils@^2.8.0:
  version "2.8.0"
  dependencies:
    dom-serializer "^1.0.1"
    domelementtype "^2.2.0"
    domhandler "^4.2.0"

dotenv@^16.0.3, dotenv@^16.4.2:
  version "16.4.5"

eastasianwidth@^0.2.0:
  version "0.2.0"

electron-to-chromium@^1.4.668:
  version "1.4.729"

emoji-regex@^8.0.0:
  version "8.0.0"

emoji-regex@^9.2.2:
  version "9.2.2"

encoding@^0.1.11:
  version "0.1.13"
  dependencies:
    iconv-lite "^0.6.2"

entities@^2.0.0:
  version "2.2.0"

entities@^3.0.1:
  version "3.0.1"

es5-ext@^0.10.35, es5-ext@^0.10.62, es5-ext@^0.10.64, es5-ext@~0.10.14:
  version "0.10.64"
  dependencies:
    es6-iterator "^2.0.3"
    es6-symbol "^3.1.3"
    esniff "^2.0.1"
    next-tick "^1.1.0"

es6-iterator@^2.0.3:
  version "2.0.3"
  dependencies:
    d "1"
    es5-ext "^0.10.35"
    es6-symbol "^3.1.1"

es6-symbol@^3, es6-symbol@^3.1.1, es6-symbol@^3.1.3:
  version "3.1.4"
  dependencies:
    d "^1.0.2"
    ext "^1.7.0"

esast-util-from-estree@^2.0.0:
  version "2.0.0"
  dependencies:
    "@types/estree-jsx" "^1.0.0"
    devlop "^1.0.0"
    estree-util-visit "^2.0.0"
    unist-util-position-from-estree "^2.0.0"

esast-util-from-js@^2.0.0:
  version "2.0.1"
  dependencies:
    "@types/estree-jsx" "^1.0.0"
    acorn "^8.0.0"
    esast-util-from-estree "^2.0.0"
    vfile-message "^4.0.0"

escalade@^3.1.1:
  version "3.1.2"

escape-carriage@^1.3.1:
  version "1.3.1"

esniff@^2.0.1:
  version "2.0.1"
  dependencies:
    d "^1.0.1"
    es5-ext "^0.10.62"
    event-emitter "^0.3.5"
    type "^2.7.2"

estree-util-attach-comments@^3.0.0:
  version "3.0.0"
  dependencies:
    "@types/estree" "^1.0.0"

estree-util-build-jsx@^3.0.0:
  version "3.0.1"
  dependencies:
    "@types/estree-jsx" "^1.0.0"
    devlop "^1.0.0"
    estree-util-is-identifier-name "^3.0.0"
    estree-walker "^3.0.0"

estree-util-is-identifier-name@^3.0.0:
  version "3.0.0"

estree-util-scope@^1.0.0:
  version "1.0.0"
  dependencies:
    "@types/estree" "^1.0.0"
    devlop "^1.0.0"

estree-util-to-js@^2.0.0:
  version "2.0.0"
  dependencies:
    "@types/estree-jsx" "^1.0.0"
    astring "^1.8.0"
    source-map "^0.7.0"

estree-util-visit@^2.0.0:
  version "2.0.0"
  dependencies:
    "@types/estree-jsx" "^1.0.0"
    "@types/unist" "^3.0.0"

estree-walker@^3.0.0:
  version "3.0.3"
  dependencies:
    "@types/estree" "^1.0.0"

event-emitter@^0.3.5:
  version "0.3.5"
  dependencies:
    d "1"
    es5-ext "~0.10.14"

ext@^1.7.0:
  version "1.7.0"
  dependencies:
    type "^2.7.2"

extend@^3.0.0:
  version "3.0.2"

fast-glob@^3.3.0:
  version "3.3.2"
  dependencies:
    "@nodelib/fs.stat" "^2.0.2"
    "@nodelib/fs.walk" "^1.2.3"
    glob-parent "^5.1.2"
    merge2 "^1.3.0"
    micromatch "^4.0.4"

fastq@^1.6.0:
  version "1.17.1"
  dependencies:
    reusify "^1.0.4"

fbjs@^0.8.16:
  version "0.8.18"
  dependencies:
    core-js "^1.0.0"
    isomorphic-fetch "^2.1.1"
    loose-envify "^1.0.0"
    object-assign "^4.1.0"
    promise "^7.1.1"
    setimmediate "^1.0.5"
    ua-parser-js "^0.7.30"

fill-range@^7.0.1:
  version "7.0.1"
  dependencies:
    to-regex-range "^5.0.1"

focus-lock@^1.3.5:
  version "1.3.5"
  dependencies:
    tslib "^2.0.3"

foreground-child@^3.1.0:
  version "3.1.1"
  dependencies:
    cross-spawn "^7.0.0"
    signal-exit "^4.0.1"

form-data@^4.0.0:
  version "4.0.0"
  dependencies:
    asynckit "^0.4.0"
    combined-stream "^1.0.8"
    mime-types "^2.1.12"

fraction.js@^4.3.7:
  version "4.3.7"

fscreen@^1.0.2:
  version "1.2.0"

fsevents@~2.3.2:
  version "2.3.3"

function-bind@^1.1.2:
  version "1.1.2"

geist@1.2.2:
  version "1.2.2"

get-caller-file@^2.0.5:
  version "2.0.5"

get-nonce@^1.0.0:
  version "1.0.1"

get-prefix@^1.0.0:
  version "1.0.0"

glam@^5.0.1:
  version "5.0.1"
  dependencies:
    fbjs "^0.8.16"
    inline-style-prefixer "^3.0.8"

glob-parent@^5.1.2, glob-parent@~5.1.2:
  version "5.1.2"
  dependencies:
    is-glob "^4.0.1"

glob-parent@^6.0.2:
  version "6.0.2"
  dependencies:
    is-glob "^4.0.3"

glob@^10.3.10:
  version "10.3.12"
  dependencies:
    foreground-child "^3.1.0"
    jackspeak "^2.3.6"
    minimatch "^9.0.1"
    minipass "^7.0.4"
    path-scurry "^1.10.2"

graceful-fs@^4.2.11:
  version "4.2.11"

has-flag@^4.0.0:
  version "4.0.0"

hasown@^2.0.0:
  version "2.0.2"
  dependencies:
    function-bind "^1.1.2"

hast-util-to-estree@^3.0.0:
  version "3.1.3"
  dependencies:
    "@types/estree" "^1.0.0"
    "@types/estree-jsx" "^1.0.0"
    "@types/hast" "^3.0.0"
    comma-separated-tokens "^2.0.0"
    devlop "^1.0.0"
    estree-util-attach-comments "^3.0.0"
    estree-util-is-identifier-name "^3.0.0"
    hast-util-whitespace "^3.0.0"
    mdast-util-mdx-expression "^2.0.0"
    mdast-util-mdx-jsx "^3.0.0"
    mdast-util-mdxjs-esm "^2.0.0"
    property-information "^7.0.0"
    space-separated-tokens "^2.0.0"
    style-to-js "^1.0.0"
    unist-util-position "^5.0.0"
    zwitch "^2.0.0"

hast-util-to-jsx-runtime@^2.0.0:
  version "2.3.6"
  dependencies:
    "@types/estree" "^1.0.0"
    "@types/hast" "^3.0.0"
    "@types/unist" "^3.0.0"
    comma-separated-tokens "^2.0.0"
    devlop "^1.0.0"
    estree-util-is-identifier-name "^3.0.0"
    hast-util-whitespace "^3.0.0"
    mdast-util-mdx-expression "^2.0.0"
    mdast-util-mdx-jsx "^3.0.0"
    mdast-util-mdxjs-esm "^2.0.0"
    property-information "^7.0.0"
    space-separated-tokens "^2.0.0"
    style-to-js "^1.0.0"
    unist-util-position "^5.0.0"
    vfile-message "^4.0.0"

hast-util-whitespace@^3.0.0:
  version "3.0.0"
  dependencies:
    "@types/hast" "^3.0.0"

html-dom-parser@1.2.0:
  version "1.2.0"
  dependencies:
    domhandler "4.3.1"
    htmlparser2 "7.2.0"

html-react-parser@^1.2.4:
  version "1.4.14"
  dependencies:
    domhandler "4.3.1"
    html-dom-parser "1.2.0"
    react-property "2.0.0"
    style-to-js "1.1.1"

htmlparser2@7.2.0:
  version "7.2.0"
  dependencies:
    domelementtype "^2.0.1"
    domhandler "^4.2.2"
    domutils "^2.8.0"
    entities "^3.0.1"

hyphenate-style-name@^1.0.2:
  version "1.0.4"

iconv-lite@^0.6.2:
  version "0.6.3"
  dependencies:
    safer-buffer ">= 2.1.2 < 3.0.0"

ieee754@^1.2.1:
  version "1.2.1"

inline-style-parser@0.1.1:
  version "0.1.1"

inline-style-parser@0.2.7:
  version "0.2.7"

inline-style-prefixer@^3.0.8:
  version "3.0.8"
  dependencies:
    bowser "^1.7.3"
    css-in-js-utils "^2.0.0"

intersection-observer@^0.10.0:
  version "0.10.0"

invariant@^2.2.4:
  version "2.2.4"
  dependencies:
    loose-envify "^1.0.0"

is-alphabetical@^2.0.0:
  version "2.0.1"

is-alphanumerical@^2.0.0:
  version "2.0.1"
  dependencies:
    is-alphabetical "^2.0.0"
    is-decimal "^2.0.0"

is-binary-path@~2.1.0:
  version "2.1.0"
  dependencies:
    binary-extensions "^2.0.0"

is-core-module@^2.13.0:
  version "2.13.1"
  dependencies:
    hasown "^2.0.0"

is-decimal@^2.0.0:
  version "2.0.1"

is-extglob@^2.1.1:
  version "2.1.1"

is-fullwidth-code-point@^3.0.0:
  version "3.0.0"

is-glob@^4.0.1, is-glob@^4.0.3, is-glob@~4.0.1:
  version "4.0.3"
  dependencies:
    is-extglob "^2.1.1"

is-hexadecimal@^2.0.0:
  version "2.0.1"

is-number@^7.0.0:
  version "7.0.0"

is-plain-obj@^4.0.0:
  version "4.1.0"

is-stream@^1.0.1:
  version "1.1.0"

isexe@^2.0.0:
  version "2.0.0"

isobject@^3.0.1:
  version "3.0.1"

isomorphic-fetch@^2.1.1:
  version "2.2.1"
  dependencies:
    node-fetch "^1.0.1"
    whatwg-fetch ">=0.10.0"

jackspeak@^2.3.6:
  version "2.3.6"
  dependencies:
    "@isaacs/cliui" "^8.0.2"
  optionalDependencies:
    "@pkgjs/parseargs" "^0.11.0"

jiti@^1.21.0:
  version "1.21.0"

jose@^5.9.6:
  version "5.10.0"

"js-tokens@^3.0.0 || ^4.0.0", js-tokens@^4.0.0:
  version "4.0.0"

lilconfig@^2.1.0:
  version "2.1.0"

lilconfig@^3.0.0:
  version "3.1.1"

lines-and-columns@^1.1.6:
  version "1.2.4"

lodash.castarray@^4.4.0:
  version "4.4.0"

lodash.isplainobject@^4.0.6:
  version "4.0.6"

lodash.merge@^4.6.2:
  version "4.6.2"

lodash@^4.17.19:
  version "4.17.21"

longest-streak@^3.0.0:
  version "3.1.0"

loose-envify@^1.0.0, loose-envify@^1.1.0, loose-envify@^1.4.0:
  version "1.4.0"
  dependencies:
    js-tokens "^3.0.0 || ^4.0.0"

lru-cache@^10.2.0:
  version "10.2.0"

lucide-react@^0.376.0:
  version "0.376.0"

lz-string@^1.4.4:
  version "1.5.0"

markdown-extensions@^2.0.0:
  version "2.0.0"

mdast-util-from-markdown@^2.0.0:
  version "2.0.2"
  dependencies:
    "@types/mdast" "^4.0.0"
    "@types/unist" "^3.0.0"
    decode-named-character-reference "^1.0.0"
    devlop "^1.0.0"
    mdast-util-to-string "^4.0.0"
    micromark "^4.0.0"
    micromark-util-decode-numeric-character-reference "^2.0.0"
    micromark-util-decode-string "^2.0.0"
    micromark-util-normalize-identifier "^2.0.0"
    micromark-util-symbol "^2.0.0"
    micromark-util-types "^2.0.0"
    unist-util-stringify-position "^4.0.0"

mdast-util-mdx-expression@^2.0.0:
  version "2.0.1"
  dependencies:
    "@types/estree-jsx" "^1.0.0"
    "@types/hast" "^3.0.0"
    "@types/mdast" "^4.0.0"
    devlop "^1.0.0"
    mdast-util-from-markdown "^2.0.0"
    mdast-util-to-markdown "^2.0.0"

mdast-util-mdx-jsx@^3.0.0:
  version "3.2.0"
  dependencies:
    "@types/estree-jsx" "^1.0.0"
    "@types/hast" "^3.0.0"
    "@types/mdast" "^4.0.0"
    "@types/unist" "^3.0.0"
    ccount "^2.0.0"
    devlop "^1.1.0"
    mdast-util-from-markdown "^2.0.0"
    mdast-util-to-markdown "^2.0.0"
    parse-entities "^4.0.0"
    stringify-entities "^4.0.0"
    unist-util-stringify-position "^4.0.0"
    vfile-message "^4.0.0"

mdast-util-mdx@^3.0.0:
  version "3.0.0"
  dependencies:
    mdast-util-from-markdown "^2.0.0"
    mdast-util-mdx-expression "^2.0.0"
    mdast-util-mdx-jsx "^3.0.0"
    mdast-util-mdxjs-esm "^2.0.0"
    mdast-util-to-markdown "^2.0.0"

mdast-util-mdxjs-esm@^2.0.0:
  version "2.0.1"
  dependencies:
    "@types/estree-jsx" "^1.0.0"
    "@types/hast" "^3.0.0"
    "@types/mdast" "^4.0.0"
    devlop "^1.0.0"
    mdast-util-from-markdown "^2.0.0"
    mdast-util-to-markdown "^2.0.0"

mdast-util-phrasing@^4.0.0:
  version "4.1.0"
  dependencies:
    "@types/mdast" "^4.0.0"
    unist-util-is "^6.0.0"

mdast-util-to-hast@^13.0.0:
  version "13.2.1"
  dependencies:
    "@types/hast" "^3.0.0"
    "@types/mdast" "^4.0.0"
    "@ungap/structured-clone" "^1.0.0"
    devlop "^1.0.0"
    micromark-util-sanitize-uri "^2.0.0"
    trim-lines "^3.0.0"
    unist-util-position "^5.0.0"
    unist-util-visit "^5.0.0"
    vfile "^6.0.0"

mdast-util-to-markdown@^2.0.0:
  version "2.1.2"
  dependencies:
    "@types/mdast" "^4.0.0"
    "@types/unist" "^3.0.0"
    longest-streak "^3.0.0"
    mdast-util-phrasing "^4.0.0"
    mdast-util-to-string "^4.0.0"
    micromark-util-classify-character "^2.0.0"
    micromark-util-decode-string "^2.0.0"
    unist-util-visit "^5.0.0"
    zwitch "^2.0.0"

mdast-util-to-string@^4.0.0:
  version "4.0.0"
  dependencies:
    "@types/mdast" "^4.0.0"

merge2@^1.3.0:
  version "1.4.1"

micromark-core-commonmark@^2.0.0:
  version "2.0.3"
  dependencies:
    decode-named-character-reference "^1.0.0"
    devlop "^1.0.0"
    micromark-factory-destination "^2.0.0"
    micromark-factory-label "^2.0.0"
    micromark-factory-space "^2.0.0"
    micromark-factory-title "^2.0.0"
    micromark-factory-whitespace "^2.0.0"
    micromark-util-character "^2.0.0"
    micromark-util-chunked "^2.0.0"
    micromark-util-classify-character "^2.0.0"
    micromark-util-html-tag-name "^2.0.0"
    micromark-util-normalize-identifier "^2.0.0"
    micromark-util-resolve-all "^2.0.0"
    micromark-util-subtokenize "^2.0.0"
    micromark-util-symbol "^2.0.0"
    micromark-util-types "^2.0.0"

micromark-extension-mdx-expression@^3.0.0:
  version "3.0.1"
  dependencies:
    "@types/estree" "^1.0.0"
    devlop "^1.0.0"
    micromark-factory-mdx-expression "^2.0.0"
    micromark-factory-space "^2.0.0"
    micromark-util-character "^2.0.0"
    micromark-util-events-to-acorn "^2.0.0"
    micromark-util-symbol "^2.0.0"
    micromark-util-types "^2.0.0"

micromark-extension-mdx-jsx@^3.0.0:
  version "3.0.2"
  dependencies:
    "@types/estree" "^1.0.0"
    devlop "^1.0.0"
    estree-util-is-identifier-name "^3.0.0"
    micromark-factory-mdx-expression "^2.0.0"
    micromark-factory-space "^2.0.0"
    micromark-util-character "^2.0.0"
    micromark-util-events-to-acorn "^2.0.0"
    micromark-util-symbol "^2.0.0"
    micromark-util-types "^2.0.0"
    vfile-message "^4.0.0"

micromark-extension-mdx-md@^2.0.0:
  version "2.0.0"
  dependencies:
    micromark-util-types "^2.0.0"

micromark-extension-mdxjs-esm@^3.0.0:
  version "3.0.0"
  dependencies:
    "@types/estree" "^1.0.0"
    devlop "^1.0.0"
    micromark-core-commonmark "^2.0.0"
    micromark-util-character "^2.0.0"
    micromark-util-events-to-acorn "^2.0.0"
    micromark-util-symbol "^2.0.0"
    micromark-util-types "^2.0.0"
    unist-util-position-from-estree "^2.0.0"
    vfile-message "^4.0.0"

micromark-extension-mdxjs@^3.0.0:
  version "3.0.0"
  dependencies:
    acorn "^8.0.0"
    acorn-jsx "^5.0.0"
    micromark-extension-mdx-expression "^3.0.0"
    micromark-extension-mdx-jsx "^3.0.0"
    micromark-extension-mdx-md "^2.0.0"
    micromark-extension-mdxjs-esm "^3.0.0"
    micromark-util-combine-extensions "^2.0.0"
    micromark-util-types "^2.0.0"

micromark-factory-destination@^2.0.0:
  version "2.0.1"
  dependencies:
    micromark-util-character "^2.0.0"
    micromark-util-symbol "^2.0.0"
    micromark-util-types "^2.0.0"

micromark-factory-label@^2.0.0:
  version "2.0.1"
  dependencies:
    devlop "^1.0.0"
    micromark-util-character "^2.0.0"
    micromark-util-symbol "^2.0.0"
    micromark-util-types "^2.0.0"

micromark-factory-mdx-expression@^2.0.0:
  version "2.0.3"
  dependencies:
    "@types/estree" "^1.0.0"
    devlop "^1.0.0"
    micromark-factory-space "^2.0.0"
    micromark-util-character "^2.0.0"
    micromark-util-events-to-acorn "^2.0.0"
    micromark-util-symbol "^2.0.0"
    micromark-util-types "^2.0.0"
    unist-util-position-from-estree "^2.0.0"
    vfile-message "^4.0.0"

micromark-factory-space@^2.0.0:
  version "2.0.1"
  dependencies:
    micromark-util-character "^2.0.0"
    micromark-util-types "^2.0.0"

micromark-factory-title@^2.0.0:
  version "2.0.1"
  dependencies:
    micromark-factory-space "^2.0.0"
    micromark-util-character "^2.0.0"
    micromark-util-symbol "^2.0.0"
    micromark-util-types "^2.0.0"

micromark-factory-whitespace@^2.0.0:
  version "2.0.1"
  dependencies:
    micromark-factory-space "^2.0.0"
    micromark-util-character "^2.0.0"
    micromark-util-symbol "^2.0.0"
    micromark-util-types "^2.0.0"

micromark-util-character@^2.0.0:
  version "2.1.1"
  dependencies:
    micromark-util-symbol "^2.0.0"
    micromark-util-types "^2.0.0"

micromark-util-chunked@^2.0.0:
  version "2.0.1"
  dependencies:
    micromark-util-symbol "^2.0.0"

micromark-util-classify-character@^2.0.0:
  version "2.0.1"
  dependencies:
    micromark-util-character "^2.0.0"
    micromark-util-symbol "^2.0.0"
    micromark-util-types "^2.0.0"

micromark-util-combine-extensions@^2.0.0:
  version "2.0.1"
  dependencies:
    micromark-util-chunked "^2.0.0"
    micromark-util-types "^2.0.0"

micromark-util-decode-numeric-character-reference@^2.0.0:
  version "2.0.2"
  dependencies:
    micromark-util-symbol "^2.0.0"

micromark-util-decode-string@^2.0.0:
  version "2.0.1"
  dependencies:
    decode-named-character-reference "^1.0.0"
    micromark-util-character "^2.0.0"
    micromark-util-decode-numeric-character-reference "^2.0.0"
    micromark-util-symbol "^2.0.0"

micromark-util-encode@^2.0.0:
  version "2.0.1"

micromark-util-events-to-acorn@^2.0.0:
  version "2.0.3"
  dependencies:
    "@types/estree" "^1.0.0"
    "@types/unist" "^3.0.0"
    devlop "^1.0.0"
    estree-util-visit "^2.0.0"
    micromark-util-symbol "^2.0.0"
    micromark-util-types "^2.0.0"
    vfile-message "^4.0.0"

micromark-util-html-tag-name@^2.0.0:
  version "2.0.1"

micromark-util-normalize-identifier@^2.0.0:
  version "2.0.1"
  dependencies:
    micromark-util-symbol "^2.0.0"

micromark-util-resolve-all@^2.0.0:
  version "2.0.1"
  dependencies:
    micromark-util-types "^2.0.0"

micromark-util-sanitize-uri@^2.0.0:
  version "2.0.1"
  dependencies:
    micromark-util-character "^2.0.0"
    micromark-util-encode "^2.0.0"
    micromark-util-symbol "^2.0.0"

micromark-util-subtokenize@^2.0.0:
  version "2.1.0"
  dependencies:
    devlop "^1.0.0"
    micromark-util-chunked "^2.0.0"
    micromark-util-symbol "^2.0.0"
    micromark-util-types "^2.0.0"

micromark-util-symbol@^2.0.0:
  version "2.0.1"

micromark-util-types@^2.0.0:
  version "2.0.2"

micromark@^4.0.0:
  version "4.0.2"
  dependencies:
    "@types/debug" "^4.0.0"
    debug "^4.0.0"
    decode-named-character-reference "^1.0.0"
    devlop "^1.0.0"
    micromark-core-commonmark "^2.0.0"
    micromark-factory-space "^2.0.0"
    micromark-util-character "^2.0.0"
    micromark-util-chunked "^2.0.0"
    micromark-util-combine-extensions "^2.0.0"
    micromark-util-decode-numeric-character-reference "^2.0.0"
    micromark-util-encode "^2.0.0"
    micromark-util-normalize-identifier "^2.0.0"
    micromark-util-resolve-all "^2.0.0"
    micromark-util-sanitize-uri "^2.0.0"
    micromark-util-subtokenize "^2.0.0"
    micromark-util-symbol "^2.0.0"
    micromark-util-types "^2.0.0"

micromatch@^4.0.4, micromatch@^4.0.5:
  version "4.0.5"
  dependencies:
    braces "^3.0.2"
    picomatch "^2.3.1"

mime-db@^1.52.0, mime-db@1.52.0:
  version "1.52.0"

mime-types@^2.1.12:
  version "2.1.35"
  dependencies:
    mime-db "1.52.0"

minimatch@^9.0.1:
  version "9.0.4"
  dependencies:
    brace-expansion "^2.0.1"

"minipass@^5.0.0 || ^6.0.2 || ^7.0.0", minipass@^7.0.4:
  version "7.0.4"

mitt@1.1.3:
  version "1.1.3"

moment@^2.10.2:
  version "2.30.1"

ms@2.1.2:
  version "2.1.2"

mz@^2.7.0:
  version "2.7.0"
  dependencies:
    any-promise "^1.0.0"
    object-assign "^4.0.1"
    thenify-all "^1.0.0"

nanoid@^3.3.6, nanoid@^3.3.7:
  version "3.3.7"

next-auth@5.0.0-beta.3:
  version "5.0.0-beta.3"
  dependencies:
    "@auth/core" experimental

next-mdx-remote@6.0.0:
  version "6.0.0"
  dependencies:
    "@babel/code-frame" "^7.23.5"
    "@mdx-js/mdx" "^3.0.1"
    "@mdx-js/react" "^3.0.1"
    unist-util-remove "^4.0.0"
    unist-util-visit "^5.1.0"
    vfile "^6.0.1"
    vfile-matter "^5.0.0"

next-tick@^1.1.0:
  version "1.1.0"

next@14.2.35:
  version "14.2.35"
  dependencies:
    "@next/env" "14.2.35"
    "@swc/helpers" "0.5.5"
    busboy "1.6.0"
    caniuse-lite "^1.0.30001579"
    graceful-fs "^4.2.11"
    postcss "8.4.31"
    styled-jsx "5.1.1"
  optionalDependencies:
    "@next/swc-darwin-arm64" "14.2.33"
    "@next/swc-darwin-x64" "14.2.33"
    "@next/swc-linux-arm64-gnu" "14.2.33"
    "@next/swc-linux-arm64-musl" "14.2.33"
    "@next/swc-linux-x64-gnu" "14.2.33"
    "@next/swc-linux-x64-musl" "14.2.33"
    "@next/swc-win32-arm64-msvc" "14.2.33"
    "@next/swc-win32-ia32-msvc" "14.2.33"
    "@next/swc-win32-x64-msvc" "14.2.33"

node-fetch@^1.0.1:
  version "1.7.3"
  dependencies:
    encoding "^0.1.11"
    is-stream "^1.0.1"

node-fetch@~2.6.1:
  version "2.6.13"
  dependencies:
    whatwg-url "^5.0.0"

node-releases@^2.0.14:
  version "2.0.14"

normalize-path@^3.0.0, normalize-path@~3.0.0:
  version "3.0.0"

normalize-range@^0.1.2:
  version "0.1.2"

oauth4webapi@^3.1.4:
  version "3.8.3"

object-assign@^4.0.1, object-assign@^4.1.0, object-assign@^4.1.1:
  version "4.1.1"

object-hash@^3.0.0:
  version "3.0.0"

outvariant@^1.3.0, outvariant@^1.4.0:
  version "1.4.2"

outvariant@1.4.0:
  version "1.4.0"

parse-entities@^4.0.0:
  version "4.0.1"
  dependencies:
    "@types/unist" "^2.0.0"
    character-entities "^2.0.0"
    character-entities-legacy "^3.0.0"
    character-reference-invalid "^2.0.0"
    decode-named-character-reference "^1.0.0"
    is-alphanumerical "^2.0.0"
    is-decimal "^2.0.0"
    is-hexadecimal "^2.0.0"

path-key@^3.1.0:
  version "3.1.1"

path-parse@^1.0.7:
  version "1.0.7"

path-scurry@^1.10.2:
  version "1.10.2"
  dependencies:
    lru-cache "^10.2.0"
    minipass "^5.0.0 || ^6.0.2 || ^7.0.0"

performance-now@^0.2.0:
  version "0.2.0"

performance-now@^2.1.0:
  version "2.1.0"

picocolors@^1.0.0:
  version "1.0.0"

picocolors@^1.1.1:
  version "1.1.1"

picomatch@^2.0.4, picomatch@^2.2.1, picomatch@^2.3.1:
  version "2.3.1"

pify@^2.3.0:
  version "2.3.0"

pirates@^4.0.1:
  version "4.0.6"

postcss-import@^15.1.0:
  version "15.1.0"
  dependencies:
    postcss-value-parser "^4.0.0"
    read-cache "^1.0.0"
    resolve "^1.1.7"

postcss-js@^4.0.1:
  version "4.0.1"
  dependencies:
    camelcase-css "^2.0.1"

postcss-load-config@^4.0.1:
  version "4.0.2"
  dependencies:
    lilconfig "^3.0.0"
    yaml "^2.3.4"

postcss-nested@^6.0.1:
  version "6.0.1"
  dependencies:
    postcss-selector-parser "^6.0.11"

postcss-selector-parser@^6.0.11:
  version "6.0.16"
  dependencies:
    cssesc "^3.0.0"
    util-deprecate "^1.0.2"

postcss-selector-parser@6.0.10:
  version "6.0.10"
  dependencies:
    cssesc "^3.0.0"
    util-deprecate "^1.0.2"

postcss-value-parser@^4.0.0, postcss-value-parser@^4.2.0:
  version "4.2.0"

postcss@^8.4.23, postcss@^8.4.35:
  version "8.4.38"
  dependencies:
    nanoid "^3.3.7"
    picocolors "^1.0.0"
    source-map-js "^1.2.0"

postcss@8.4.31:
  version "8.4.31"
  dependencies:
    nanoid "^3.3.6"
    picocolors "^1.0.0"
    source-map-js "^1.0.2"

postgres@^3.4.3:
  version "3.4.4"

preact-render-to-string@6.5.11:
  version "6.5.11"

preact@10.24.3:
  version "10.24.3"

promise@^7.1.1:
  version "7.3.1"
  dependencies:
    asap "~2.0.3"

prop-types@^15.5.8, prop-types@^15.6.2, prop-types@^15.7.2:
  version "15.8.1"
  dependencies:
    loose-envify "^1.4.0"
    object-assign "^4.1.1"
    react-is "^16.13.1"

prop-types@~15.7.2:
  version "15.7.2"
  dependencies:
    loose-envify "^1.4.0"
    object-assign "^4.1.1"
    react-is "^16.8.1"

property-information@^7.0.0:
  version "7.1.0"

queue-microtask@^1.2.2:
  version "1.2.3"

raf-schd@^4.0.2:
  version "4.0.3"

raf@^3.1.0:
  version "3.4.1"
  dependencies:
    performance-now "^2.1.0"

react-chartjs-2@^2.10.0:
  version "2.11.2"
  dependencies:
    lodash "^4.17.19"
    prop-types "^15.7.2"

react-clientside-effect@^1.2.6:
  version "1.2.6"
  dependencies:
    "@babel/runtime" "^7.12.13"

react-devtools-inline@4.4.0:
  version "4.4.0"
  dependencies:
    es6-symbol "^3"

react-dom@18.2.0:
  version "18.2.0"
  dependencies:
    loose-envify "^1.1.0"
    scheduler "^0.23.0"

react-focus-lock@^2.11.3:
  version "2.11.3"
  dependencies:
    "@babel/runtime" "^7.0.0"
    focus-lock "^1.3.5"
    prop-types "^15.6.2"
    react-clientside-effect "^1.2.6"
    use-callback-ref "^1.3.2"
    use-sidecar "^1.1.2"

react-focus-on@^3.5.1:
  version "3.9.3"
  dependencies:
    aria-hidden "^1.2.2"
    react-focus-lock "^2.11.3"
    react-remove-scroll "^2.5.7"
    react-style-singleton "^2.2.1"
    tslib "^2.3.1"
    use-sidecar "^1.1.2"

react-full-screen@^1.0.1:
  version "1.1.1"
  dependencies:
    fscreen "^1.0.2"

react-images@^1.2.0-beta.7:
  version "1.2.0-beta.7"
  dependencies:
    a11y-focus-store "^1.0.0"
    cross-env "^7.0.3"
    glam "^5.0.1"
    html-react-parser "^1.2.4"
    raf-schd "^4.0.2"
    react-focus-on "^3.5.1"
    react-full-screen "^1.0.1"
    react-transition-group "^4.4.1"
    react-view-pager "^0.6.0"

react-is@^16.13.1, react-is@^16.8.1:
  version "16.13.1"

react-is@^17.0.2:
  version "17.0.2"

react-motion@^0.5.0:
  version "0.5.2"
  dependencies:
    performance-now "^0.2.0"
    prop-types "^15.5.8"
    raf "^3.1.0"

react-photo-gallery@^8.0.0:
  version "8.0.0"
  dependencies:
    prop-types "~15.7.2"
    resize-observer-polyfill "^1.5.0"

react-property@2.0.0:
  version "2.0.0"

react-remove-scroll-bar@^2.3.6:
  version "2.3.6"
  dependencies:
    react-style-singleton "^2.2.1"
    tslib "^2.0.0"

react-remove-scroll@^2.5.7:
  version "2.5.9"
  dependencies:
    react-remove-scroll-bar "^2.3.6"
    react-style-singleton "^2.2.1"
    tslib "^2.1.0"
    use-callback-ref "^1.3.0"
    use-sidecar "^1.1.2"

react-style-singleton@^2.2.1:
  version "2.2.1"
  dependencies:
    get-nonce "^1.0.0"
    invariant "^2.2.4"
    tslib "^2.0.0"

react-transition-group@^4.4.1:
  version "4.4.5"
  dependencies:
    "@babel/runtime" "^7.5.5"
    dom-helpers "^5.0.1"
    loose-envify "^1.4.0"
    prop-types "^15.6.2"

react-tweet@3.2.0:
  version "3.2.0"
  dependencies:
    "@swc/helpers" "^0.5.3"
    clsx "^2.0.0"
    date-fns "^2.30.0"
    swr "^2.2.4"

react-view-pager@^0.6.0:
  version "0.6.0"
  dependencies:
    animation-bus "^0.2.0"
    get-prefix "^1.0.0"
    mitt "1.1.3"
    react-motion "^0.5.0"
    resize-observer-polyfill "1.5.0"
    tabbable "1.1.2"

react@18.2.0:
  version "18.2.0"
  dependencies:
    loose-envify "^1.1.0"

read-cache@^1.0.0:
  version "1.0.0"
  dependencies:
    pify "^2.3.0"

readdirp@~3.6.0:
  version "3.6.0"
  dependencies:
    picomatch "^2.2.1"

reading-time@^1.5.0:
  version "1.5.0"

recma-build-jsx@^1.0.0:
  version "1.0.0"
  dependencies:
    "@types/estree" "^1.0.0"
    estree-util-build-jsx "^3.0.0"
    vfile "^6.0.0"

recma-jsx@^1.0.0:
  version "1.0.1"
  dependencies:
    acorn-jsx "^5.0.0"
    estree-util-to-js "^2.0.0"
    recma-parse "^1.0.0"
    recma-stringify "^1.0.0"
    unified "^11.0.0"

recma-parse@^1.0.0:
  version "1.0.0"
  dependencies:
    "@types/estree" "^1.0.0"
    esast-util-from-js "^2.0.0"
    unified "^11.0.0"
    vfile "^6.0.0"

recma-stringify@^1.0.0:
  version "1.0.0"
  dependencies:
    "@types/estree" "^1.0.0"
    estree-util-to-js "^2.0.0"
    unified "^11.0.0"
    vfile "^6.0.0"

regenerator-runtime@^0.13.5:
  version "0.13.11"

regenerator-runtime@^0.14.0:
  version "0.14.1"

rehype-recma@^1.0.0:
  version "1.0.0"
  dependencies:
    "@types/estree" "^1.0.0"
    "@types/hast" "^3.0.0"
    hast-util-to-estree "^3.0.0"

remark-mdx@^3.0.0:
  version "3.1.1"
  dependencies:
    mdast-util-mdx "^3.0.0"
    micromark-extension-mdxjs "^3.0.0"

remark-parse@^11.0.0:
  version "11.0.0"
  dependencies:
    "@types/mdast" "^4.0.0"
    mdast-util-from-markdown "^2.0.0"
    micromark-util-types "^2.0.0"
    unified "^11.0.0"

remark-rehype@^11.0.0:
  version "11.1.2"
  dependencies:
    "@types/hast" "^3.0.0"
    "@types/mdast" "^4.0.0"
    mdast-util-to-hast "^13.0.0"
    unified "^11.0.0"
    vfile "^6.0.0"

require-directory@^2.1.1:
  version "2.1.1"

resize-observer-polyfill@^1.5.0:
  version "1.5.1"

resize-observer-polyfill@1.5.0:
  version "1.5.0"

resolve@^1.1.7, resolve@^1.22.2:
  version "1.22.8"
  dependencies:
    is-core-module "^2.13.0"
    path-parse "^1.0.7"
    supports-preserve-symlinks-flag "^1.0.0"

reusify@^1.0.4:
  version "1.0.4"

run-parallel@^1.1.9:
  version "1.2.0"
  dependencies:
    queue-microtask "^1.2.2"

"safer-buffer@>= 2.1.2 < 3.0.0":
  version "2.1.2"

scheduler@^0.23.0:
  version "0.23.0"
  dependencies:
    loose-envify "^1.1.0"

seedrandom@2.4.3:
  version "2.4.3"

server-only@^0.0.1:
  version "0.0.1"

setimmediate@^1.0.5:
  version "1.0.5"

shebang-command@^2.0.0:
  version "2.0.0"
  dependencies:
    shebang-regex "^3.0.0"

shebang-regex@^3.0.0:
  version "3.0.0"

signal-exit@^4.0.1:
  version "4.1.0"

source-map-js@^1.0.2, source-map-js@^1.2.0:
  version "1.2.0"

source-map@^0.7.0:
  version "0.7.4"

space-separated-tokens@^2.0.0:
  version "2.0.2"

sprintf-js@~1.0.2:
  version "1.0.3"

static-browser-server@1.0.3:
  version "1.0.3"
  dependencies:
    "@open-draft/deferred-promise" "^2.1.0"
    dotenv "^16.0.3"
    mime-db "^1.52.0"
    outvariant "^1.3.0"

streamsearch@^1.1.0:
  version "1.1.0"

strict-event-emitter@^0.4.3:
  version "0.4.6"

"string-width-cjs@npm:string-width@^4.2.0":
  version "4.2.3"
  dependencies:
    emoji-regex "^8.0.0"
    is-fullwidth-code-point "^3.0.0"
    strip-ansi "^6.0.1"

string-width@^4.1.0, string-width@^4.2.0:
  version "4.2.3"
  dependencies:
    emoji-regex "^8.0.0"
    is-fullwidth-code-point "^3.0.0"
    strip-ansi "^6.0.1"

string-width@^5.0.1, string-width@^5.1.2:
  version "5.1.2"
  dependencies:
    eastasianwidth "^0.2.0"
    emoji-regex "^9.2.2"
    strip-ansi "^7.0.1"

stringify-entities@^4.0.0:
  version "4.0.4"
  dependencies:
    character-entities-html4 "^2.0.0"
    character-entities-legacy "^3.0.0"

"strip-ansi-cjs@npm:strip-ansi@^6.0.1":
  version "6.0.1"
  dependencies:
    ansi-regex "^5.0.1"

strip-ansi@^6.0.0, strip-ansi@^6.0.1:
  version "6.0.1"
  dependencies:
    ansi-regex "^5.0.1"

strip-ansi@^7.0.1:
  version "7.1.0"
  dependencies:
    ansi-regex "^6.0.1"

style-mod@^4.0.0, style-mod@^4.1.0:
  version "4.1.2"

style-to-js@^1.0.0:
  version "1.1.21"
  dependencies:
    style-to-object "1.0.14"

style-to-js@1.1.1:
  version "1.1.1"
  dependencies:
    style-to-object "0.3.0"

style-to-object@0.3.0:
  version "0.3.0"
  dependencies:
    inline-style-parser "0.1.1"

style-to-object@1.0.14:
  version "1.0.14"
  dependencies:
    inline-style-parser "0.2.7"

styled-jsx@5.1.1:
  version "5.1.1"
  dependencies:
    client-only "0.0.1"

sucrase@^3.32.0:
  version "3.35.0"
  dependencies:
    "@jridgewell/gen-mapping" "^0.3.2"
    commander "^4.0.0"
    glob "^10.3.10"
    lines-and-columns "^1.1.6"
    mz "^2.7.0"
    pirates "^4.0.1"
    ts-interface-checker "^0.1.9"

sugar-high@^0.6.0:
  version "0.6.0"

supports-color@^7.1.0:
  version "7.2.0"
  dependencies:
    has-flag "^4.0.0"

supports-preserve-symlinks-flag@^1.0.0:
  version "1.0.0"

swr@^2.2.4:
  version "2.2.5"
  dependencies:
    client-only "^0.0.1"
    use-sync-external-store "^1.2.0"

tabbable@1.1.2:
  version "1.1.2"

tailwindcss@^3.4.1:
  version "3.4.3"
  dependencies:
    "@alloc/quick-lru" "^5.2.0"
    arg "^5.0.2"
    chokidar "^3.5.3"
    didyoumean "^1.2.2"
    dlv "^1.1.3"
    fast-glob "^3.3.0"
    glob-parent "^6.0.2"
    is-glob "^4.0.3"
    jiti "^1.21.0"
    lilconfig "^2.1.0"
    micromatch "^4.0.5"
    normalize-path "^3.0.0"
    object-hash "^3.0.0"
    picocolors "^1.0.0"
    postcss "^8.4.23"
    postcss-import "^15.1.0"
    postcss-js "^4.0.1"
    postcss-load-config "^4.0.1"
    postcss-nested "^6.0.1"
    postcss-selector-parser "^6.0.11"
    resolve "^1.22.2"
    sucrase "^3.32.0"

thenify-all@^1.0.0:
  version "1.6.0"
  dependencies:
    thenify ">= 3.1.0 < 4"

"thenify@>= 3.1.0 < 4":
  version "3.3.1"
  dependencies:
    any-promise "^1.0.0"

to-regex-range@^5.0.1:
  version "5.0.1"
  dependencies:
    is-number "^7.0.0"

tr46@~0.0.3:
  version "0.0.3"

trim-lines@^3.0.0:
  version "3.0.1"

trough@^2.0.0:
  version "2.2.0"

ts-interface-checker@^0.1.9:
  version "0.1.13"

tslib@^2.0.0, tslib@^2.0.3, tslib@^2.1.0, tslib@^2.3.1, tslib@^2.4.0:
  version "2.6.2"

type@^2.7.2:
  version "2.7.2"

typescript@5.3.3:
  version "5.3.3"

ua-parser-js@^0.7.30:
  version "0.7.37"

undici-types@~5.26.4:
  version "5.26.5"

unified@^11.0.0:
  version "11.0.5"
  dependencies:
    "@types/unist" "^3.0.0"
    bail "^2.0.0"
    devlop "^1.0.0"
    extend "^3.0.0"
    is-plain-obj "^4.0.0"
    trough "^2.0.0"
    vfile "^6.0.0"

unist-util-is@^6.0.0:
  version "6.0.1"
  dependencies:
    "@types/unist" "^3.0.0"

unist-util-position-from-estree@^2.0.0:
  version "2.0.0"
  dependencies:
    "@types/unist" "^3.0.0"

unist-util-position@^5.0.0:
  version "5.0.0"
  dependencies:
    "@types/unist" "^3.0.0"

unist-util-remove@^4.0.0:
  version "4.0.0"
  dependencies:
    "@types/unist" "^3.0.0"
    unist-util-is "^6.0.0"
    unist-util-visit-parents "^6.0.0"

unist-util-stringify-position@^4.0.0:
  version "4.0.0"
  dependencies:
    "@types/unist" "^3.0.0"

unist-util-visit-parents@^6.0.0:
  version "6.0.2"
  dependencies:
    "@types/unist" "^3.0.0"
    unist-util-is "^6.0.0"

unist-util-visit@^5.0.0, unist-util-visit@^5.1.0:
  version "5.1.0"
  dependencies:
    "@types/unist" "^3.0.0"
    unist-util-is "^6.0.0"
    unist-util-visit-parents "^6.0.0"

update-browserslist-db@^1.0.13:
  version "1.0.13"
  dependencies:
    escalade "^3.1.1"
    picocolors "^1.0.0"

use-callback-ref@^1.3.0, use-callback-ref@^1.3.2:
  version "1.3.2"
  dependencies:
    tslib "^2.0.0"

use-sidecar@^1.1.2:
  version "1.1.2"
  dependencies:
    detect-node-es "^1.1.0"
    tslib "^2.0.0"

use-sync-external-store@^1.2.0:
  version "1.2.0"

util-deprecate@^1.0.2:
  version "1.0.2"

vfile-matter@^5.0.0:
  version "5.0.1"
  dependencies:
    vfile "^6.0.0"
    yaml "^2.0.0"

vfile-message@^4.0.0:
  version "4.0.3"
  dependencies:
    "@types/unist" "^3.0.0"
    unist-util-stringify-position "^4.0.0"

vfile@^6.0.0, vfile@^6.0.1:
  version "6.0.3"
  dependencies:
    "@types/unist" "^3.0.0"
    vfile-message "^4.0.0"

w3c-keyname@^2.2.4:
  version "2.2.8"

webidl-conversions@^3.0.0:
  version "3.0.1"

whatwg-fetch@>=0.10.0:
  version "3.6.20"

whatwg-url@^5.0.0:
  version "5.0.0"
  dependencies:
    tr46 "~0.0.3"
    webidl-conversions "^3.0.0"

which@^2.0.1:
  version "2.0.2"
  dependencies:
    isexe "^2.0.0"

"wrap-ansi-cjs@npm:wrap-ansi@^7.0.0":
  version "7.0.0"
  dependencies:
    ansi-styles "^4.0.0"
    string-width "^4.1.0"
    strip-ansi "^6.0.0"

wrap-ansi@^7.0.0:
  version "7.0.0"
  dependencies:
    ansi-styles "^4.0.0"
    string-width "^4.1.0"
    strip-ansi "^6.0.0"

wrap-ansi@^8.1.0:
  version "8.1.0"
  dependencies:
    ansi-styles "^6.1.0"
    string-width "^5.0.1"
    strip-ansi "^7.0.1"

y18n@^5.0.5:
  version "5.0.8"

yaml@^2.0.0:
  version "2.8.2"

yaml@^2.3.4:
  version "2.4.1"

yargs-parser@^20.2.2:
  version "20.2.9"

yargs@^16.0.3:
  version "16.2.0"
  dependencies:
    cliui "^7.0.2"
    escalade "^3.1.1"
    get-caller-file "^2.0.5"
    require-directory "^2.1.1"
    string-width "^4.2.0"
    y18n "^5.0.5"
    yargs-parser "^20.2.2"

zwitch@^2.0.0:
  version "2.0.4"
